// !$*UTF8*$!
{
	archiveVersion = 1;
	classes = {
	};
	objectVersion = 50;
	objects = {

/* Begin PBXBuildFile section */
		4DFEEE4E4F988814A4B88D9D /* Pods_data_overlayTests.framework in Frameworks */ = {isa = PBXBuildFile; fileRef = 7A6B240F3D535E822A15254D /* Pods_data_overlayTests.framework */; };
		B635C75221AB1E000072D5B4 /* AppDelegate.swift in Sources */ = {isa = PBXBuildFile; fileRef = B635C75121AB1E000072D5B4 /* AppDelegate.swift */; };
		B635C75421AB1E000072D5B4 /* art.scnassets in Resources */ = {isa = PBXBuildFile; fileRef = B635C75321AB1E000072D5B4 /* art.scnassets */; };
		B635C75621AB1E000072D5B4 /* ViewController.swift in Sources */ = {isa = PBXBuildFile; fileRef = B635C75521AB1E000072D5B4 /* ViewController.swift */; };
		B635C75921AB1E000072D5B4 /* Main.storyboard in Resources */ = {isa = PBXBuildFile; fileRef = B635C75721AB1E000072D5B4 /* Main.storyboard */; };
		B635C75B21AB1E020072D5B4 /* Assets.xcassets in Resources */ = {isa = PBXBuildFile; fileRef = B635C75A21AB1E020072D5B4 /* Assets.xcassets */; };
		B635C75E21AB1E020072D5B4 /* LaunchScreen.storyboard in Resources */ = {isa = PBXBuildFile; fileRef = B635C75C21AB1E020072D5B4 /* LaunchScreen.storyboard */; };
		B635C76921AB1E020072D5B4 /* data_overlayTests.swift in Sources */ = {isa = PBXBuildFile; fileRef = B635C76821AB1E020072D5B4 /* data_overlayTests.swift */; };
		B635C77421AB1E020072D5B4 /* data_overlayUITests.swift in Sources */ = {isa = PBXBuildFile; fileRef = B635C77321AB1E020072D5B4 /* data_overlayUITests.swift */; };
		B6E65C7D21AC6F1900D76B1B /* RestKit.framework in Frameworks */ = {isa = PBXBuildFile; fileRef = B6E65C7C21AC6F1800D76B1B /* RestKit.framework */; };
		B6E65C7E21AC6F1900D76B1B /* RestKit.framework in Embed Frameworks */ = {isa = PBXBuildFile; fileRef = B6E65C7C21AC6F1800D76B1B /* RestKit.framework */; settings = {ATTRIBUTES = (CodeSignOnCopy, RemoveHeadersOnCopy, ); }; };
		B6E65C8221AC6FF200D76B1B /* VisualRecognitionV3.framework in Frameworks */ = {isa = PBXBuildFile; fileRef = B6E65C8121AC6FF200D76B1B /* VisualRecognitionV3.framework */; };
		B6E65C8321AC6FF200D76B1B /* VisualRecognitionV3.framework in Embed Frameworks */ = {isa = PBXBuildFile; fileRef = B6E65C8121AC6FF200D76B1B /* VisualRecognitionV3.framework */; settings = {ATTRIBUTES = (CodeSignOnCopy, RemoveHeadersOnCopy, ); }; };
		DC5AD954EF15964E8710A856 /* Pods_data_overlayUITests.framework in Frameworks */ = {isa = PBXBuildFile; fileRef = 79EE0ED5E89710A5292F096E /* Pods_data_overlayUITests.framework */; };
		E1039519E8100D6871741337 /* Pods_data_overlay.framework in Frameworks */ = {isa = PBXBuildFile; fileRef = 76B25003E953577A1D4DA3EA /* Pods_data_overlay.framework */; };
/* End PBXBuildFile section */

/* Begin PBXContainerItemProxy section */
		B635C76521AB1E020072D5B4 /* PBXContainerItemProxy */ = {
			isa = PBXContainerItemProxy;
			containerPortal = B635C74621AB1E000072D5B4 /* Project object */;
			proxyType = 1;
			remoteGlobalIDString = B635C74D21AB1E000072D5B4;
			remoteInfo = data_overlay;
		};
		B635C77021AB1E020072D5B4 /* PBXContainerItemProxy */ = {
			isa = PBXContainerItemProxy;
			containerPortal = B635C74621AB1E000072D5B4 /* Project object */;
			proxyType = 1;
			remoteGlobalIDString = B635C74D21AB1E000072D5B4;
			remoteInfo = data_overlay;
		};
/* End PBXContainerItemProxy section */

/* Begin PBXCopyFilesBuildPhase section */
		B6E65C7F21AC6F1900D76B1B /* Embed Frameworks */ = {
			isa = PBXCopyFilesBuildPhase;
			buildActionMask = 2147483647;
			dstPath = "";
			dstSubfolderSpec = 10;
			files = (
				B6E65C7E21AC6F1900D76B1B /* RestKit.framework in Embed Frameworks */,
				B6E65C8321AC6FF200D76B1B /* VisualRecognitionV3.framework in Embed Frameworks */,
			);
			name = "Embed Frameworks";
			runOnlyForDeploymentPostprocessing = 0;
		};
/* End PBXCopyFilesBuildPhase section */

/* Begin PBXFileReference section */
		1C9B95A3A4E1A2A51B7CA011 /* Pods-data_overlay.debug.xcconfig */ = {isa = PBXFileReference; includeInIndex = 1; lastKnownFileType = text.xcconfig; name = "Pods-data_overlay.debug.xcconfig"; path = "Pods/Target Support Files/Pods-data_overlay/Pods-data_overlay.debug.xcconfig"; sourceTree = "<group>"; };
		5F91360A02B4C7324112D4DE /* Pods-data_overlayUITests.release.xcconfig */ = {isa = PBXFileReference; includeInIndex = 1; lastKnownFileType = text.xcconfig; name = "Pods-data_overlayUITests.release.xcconfig"; path = "Pods/Target Support Files/Pods-data_overlayUITests/Pods-data_overlayUITests.release.xcconfig"; sourceTree = "<group>"; };
		76B25003E953577A1D4DA3EA /* Pods_data_overlay.framework */ = {isa = PBXFileReference; explicitFileType = wrapper.framework; includeInIndex = 0; path = Pods_data_overlay.framework; sourceTree = BUILT_PRODUCTS_DIR; };
		79EE0ED5E89710A5292F096E /* Pods_data_overlayUITests.framework */ = {isa = PBXFileReference; explicitFileType = wrapper.framework; includeInIndex = 0; path = Pods_data_overlayUITests.framework; sourceTree = BUILT_PRODUCTS_DIR; };
		7A6B240F3D535E822A15254D /* Pods_data_overlayTests.framework */ = {isa = PBXFileReference; explicitFileType = wrapper.framework; includeInIndex = 0; path = Pods_data_overlayTests.framework; sourceTree = BUILT_PRODUCTS_DIR; };
		8F0200E1546998C3DC2E8FAA /* Pods-data_overlayTests.release.xcconfig */ = {isa = PBXFileReference; includeInIndex = 1; lastKnownFileType = text.xcconfig; name = "Pods-data_overlayTests.release.xcconfig"; path = "Pods/Target Support Files/Pods-data_overlayTests/Pods-data_overlayTests.release.xcconfig"; sourceTree = "<group>"; };
		A1E482F2E3A7337A67B188D0 /* Pods-data_overlay.release.xcconfig */ = {isa = PBXFileReference; includeInIndex = 1; lastKnownFileType = text.xcconfig; name = "Pods-data_overlay.release.xcconfig"; path = "Pods/Target Support Files/Pods-data_overlay/Pods-data_overlay.release.xcconfig"; sourceTree = "<group>"; };
		B635C74E21AB1E000072D5B4 /* data_overlay.app */ = {isa = PBXFileReference; explicitFileType = wrapper.application; includeInIndex = 0; path = data_overlay.app; sourceTree = BUILT_PRODUCTS_DIR; };
		B635C75121AB1E000072D5B4 /* AppDelegate.swift */ = {isa = PBXFileReference; lastKnownFileType = sourcecode.swift; path = AppDelegate.swift; sourceTree = "<group>"; };
		B635C75321AB1E000072D5B4 /* art.scnassets */ = {isa = PBXFileReference; lastKnownFileType = wrapper.scnassets; path = art.scnassets; sourceTree = "<group>"; };
		B635C75521AB1E000072D5B4 /* ViewController.swift */ = {isa = PBXFileReference; lastKnownFileType = sourcecode.swift; path = ViewController.swift; sourceTree = "<group>"; };
		B635C75821AB1E000072D5B4 /* Base */ = {isa = PBXFileReference; lastKnownFileType = file.storyboard; name = Base; path = Base.lproj/Main.storyboard; sourceTree = "<group>"; };
		B635C75A21AB1E020072D5B4 /* Assets.xcassets */ = {isa = PBXFileReference; lastKnownFileType = folder.assetcatalog; path = Assets.xcassets; sourceTree = "<group>"; };
		B635C75D21AB1E020072D5B4 /* Base */ = {isa = PBXFileReference; lastKnownFileType = file.storyboard; name = Base; path = Base.lproj/LaunchScreen.storyboard; sourceTree = "<group>"; };
		B635C75F21AB1E020072D5B4 /* Info.plist */ = {isa = PBXFileReference; lastKnownFileType = text.plist.xml; path = Info.plist; sourceTree = "<group>"; };
		B635C76421AB1E020072D5B4 /* data_overlayTests.xctest */ = {isa = PBXFileReference; explicitFileType = wrapper.cfbundle; includeInIndex = 0; path = data_overlayTests.xctest; sourceTree = BUILT_PRODUCTS_DIR; };
		B635C76821AB1E020072D5B4 /* data_overlayTests.swift */ = {isa = PBXFileReference; lastKnownFileType = sourcecode.swift; path = data_overlayTests.swift; sourceTree = "<group>"; };
		B635C76A21AB1E020072D5B4 /* Info.plist */ = {isa = PBXFileReference; lastKnownFileType = text.plist.xml; path = Info.plist; sourceTree = "<group>"; };
		B635C76F21AB1E020072D5B4 /* data_overlayUITests.xctest */ = {isa = PBXFileReference; explicitFileType = wrapper.cfbundle; includeInIndex = 0; path = data_overlayUITests.xctest; sourceTree = BUILT_PRODUCTS_DIR; };
		B635C77321AB1E020072D5B4 /* data_overlayUITests.swift */ = {isa = PBXFileReference; lastKnownFileType = sourcecode.swift; path = data_overlayUITests.swift; sourceTree = "<group>"; };
		B635C77521AB1E020072D5B4 /* Info.plist */ = {isa = PBXFileReference; lastKnownFileType = text.plist.xml; path = Info.plist; sourceTree = "<group>"; };
		B6E65C7C21AC6F1800D76B1B /* RestKit.framework */ = {isa = PBXFileReference; lastKnownFileType = wrapper.framework; name = RestKit.framework; path = Carthage/Build/iOS/RestKit.framework; sourceTree = "<group>"; };
		B6E65C8121AC6FF200D76B1B /* VisualRecognitionV3.framework */ = {isa = PBXFileReference; lastKnownFileType = wrapper.framework; name = VisualRecognitionV3.framework; path = Carthage/Build/iOS/VisualRecognitionV3.framework; sourceTree = "<group>"; };
		BF62A57764AB8D02CF5190DF /* Pods-data_overlayTests.debug.xcconfig */ = {isa = PBXFileReference; includeInIndex = 1; lastKnownFileType = text.xcconfig; name = "Pods-data_overlayTests.debug.xcconfig"; path = "Pods/Target Support Files/Pods-data_overlayTests/Pods-data_overlayTests.debug.xcconfig"; sourceTree = "<group>"; };
		C2E607BFE89844CB95D4554C /* Pods-data_overlayUITests.debug.xcconfig */ = {isa = PBXFileReference; includeInIndex = 1; lastKnownFileType = text.xcconfig; name = "Pods-data_overlayUITests.debug.xcconfig"; path = "Pods/Target Support Files/Pods-data_overlayUITests/Pods-data_overlayUITests.debug.xcconfig"; sourceTree = "<group>"; };
/* End PBXFileReference section */

/* Begin PBXFrameworksBuildPhase section */
		B635C74B21AB1E000072D5B4 /* Frameworks */ = {
			isa = PBXFrameworksBuildPhase;
			buildActionMask = 2147483647;
			files = (
				E1039519E8100D6871741337 /* Pods_data_overlay.framework in Frameworks */,
				B6E65C8221AC6FF200D76B1B /* VisualRecognitionV3.framework in Frameworks */,
				B6E65C7D21AC6F1900D76B1B /* RestKit.framework in Frameworks */,
			);
			runOnlyForDeploymentPostprocessing = 0;
		};
		B635C76121AB1E020072D5B4 /* Frameworks */ = {
			isa = PBXFrameworksBuildPhase;
			buildActionMask = 2147483647;
			files = (
				4DFEEE4E4F988814A4B88D9D /* Pods_data_overlayTests.framework in Frameworks */,
			);
			runOnlyForDeploymentPostprocessing = 0;
		};
		B635C76C21AB1E020072D5B4 /* Frameworks */ = {
			isa = PBXFrameworksBuildPhase;
			buildActionMask = 2147483647;
			files = (
				DC5AD954EF15964E8710A856 /* Pods_data_overlayUITests.framework in Frameworks */,
			);
			runOnlyForDeploymentPostprocessing = 0;
		};
/* End PBXFrameworksBuildPhase section */

/* Begin PBXGroup section */
		9231593D0F9DEEB030EA1493 /* Frameworks */ = {
			isa = PBXGroup;
			children = (
				76B25003E953577A1D4DA3EA /* Pods_data_overlay.framework */,
				7A6B240F3D535E822A15254D /* Pods_data_overlayTests.framework */,
				79EE0ED5E89710A5292F096E /* Pods_data_overlayUITests.framework */,
			);
			name = Frameworks;
			sourceTree = "<group>";
		};
		95EADFC4C15B725A36C6E93F /* Pods */ = {
			isa = PBXGroup;
			children = (
				1C9B95A3A4E1A2A51B7CA011 /* Pods-data_overlay.debug.xcconfig */,
				A1E482F2E3A7337A67B188D0 /* Pods-data_overlay.release.xcconfig */,
				BF62A57764AB8D02CF5190DF /* Pods-data_overlayTests.debug.xcconfig */,
				8F0200E1546998C3DC2E8FAA /* Pods-data_overlayTests.release.xcconfig */,
				C2E607BFE89844CB95D4554C /* Pods-data_overlayUITests.debug.xcconfig */,
				5F91360A02B4C7324112D4DE /* Pods-data_overlayUITests.release.xcconfig */,
			);
			name = Pods;
			sourceTree = "<group>";
		};
		B635C74521AB1E000072D5B4 = {
			isa = PBXGroup;
			children = (
				B6E65C8121AC6FF200D76B1B /* VisualRecognitionV3.framework */,
				B6E65C7C21AC6F1800D76B1B /* RestKit.framework */,
				B635C75021AB1E000072D5B4 /* data_overlay */,
				B635C76721AB1E020072D5B4 /* data_overlayTests */,
				B635C77221AB1E020072D5B4 /* data_overlayUITests */,
				B635C74F21AB1E000072D5B4 /* Products */,
				95EADFC4C15B725A36C6E93F /* Pods */,
				9231593D0F9DEEB030EA1493 /* Frameworks */,
			);
			sourceTree = "<group>";
		};
		B635C74F21AB1E000072D5B4 /* Products */ = {
			isa = PBXGroup;
			children = (
				B635C74E21AB1E000072D5B4 /* data_overlay.app */,
				B635C76421AB1E020072D5B4 /* data_overlayTests.xctest */,
				B635C76F21AB1E020072D5B4 /* data_overlayUITests.xctest */,
			);
			name = Products;
			sourceTree = "<group>";
		};
		B635C75021AB1E000072D5B4 /* data_overlay */ = {
			isa = PBXGroup;
			children = (
				B635C75121AB1E000072D5B4 /* AppDelegate.swift */,
				B635C75321AB1E000072D5B4 /* art.scnassets */,
				B635C75521AB1E000072D5B4 /* ViewController.swift */,
				B635C75721AB1E000072D5B4 /* Main.storyboard */,
				B635C75A21AB1E020072D5B4 /* Assets.xcassets */,
				B635C75C21AB1E020072D5B4 /* LaunchScreen.storyboard */,
				B635C75F21AB1E020072D5B4 /* Info.plist */,
			);
			path = data_overlay;
			sourceTree = "<group>";
		};
		B635C76721AB1E020072D5B4 /* data_overlayTests */ = {
			isa = PBXGroup;
			children = (
				B635C76821AB1E020072D5B4 /* data_overlayTests.swift */,
				B635C76A21AB1E020072D5B4 /* Info.plist */,
			);
			path = data_overlayTests;
			sourceTree = "<group>";
		};
		B635C77221AB1E020072D5B4 /* data_overlayUITests */ = {
			isa = PBXGroup;
			children = (
				B635C77321AB1E020072D5B4 /* data_overlayUITests.swift */,
				B635C77521AB1E020072D5B4 /* Info.plist */,
			);
			path = data_overlayUITests;
			sourceTree = "<group>";
		};
/* End PBXGroup section */

/* Begin PBXNativeTarget section */
		B635C74D21AB1E000072D5B4 /* data_overlay */ = {
			isa = PBXNativeTarget;
			buildConfigurationList = B635C77821AB1E020072D5B4 /* Build configuration list for PBXNativeTarget "data_overlay" */;
			buildPhases = (
				253ADF6DEDCEA6D205D62743 /* [CP] Check Pods Manifest.lock */,
				B635C74A21AB1E000072D5B4 /* Sources */,
				B635C74B21AB1E000072D5B4 /* Frameworks */,
				B635C74C21AB1E000072D5B4 /* Resources */,
				3D8B39B1493D3EF1E6B45516 /* [CP] Embed Pods Frameworks */,
				B6E65C7F21AC6F1900D76B1B /* Embed Frameworks */,
			);
			buildRules = (
			);
			dependencies = (
			);
			name = data_overlay;
			productName = data_overlay;
			productReference = B635C74E21AB1E000072D5B4 /* data_overlay.app */;
			productType = "com.apple.product-type.application";
		};
		B635C76321AB1E020072D5B4 /* data_overlayTests */ = {
			isa = PBXNativeTarget;
			buildConfigurationList = B635C77B21AB1E020072D5B4 /* Build configuration list for PBXNativeTarget "data_overlayTests" */;
			buildPhases = (
				1027DCF5F4E02C62C4EFF876 /* [CP] Check Pods Manifest.lock */,
				B635C76021AB1E020072D5B4 /* Sources */,
				B635C76121AB1E020072D5B4 /* Frameworks */,
				B635C76221AB1E020072D5B4 /* Resources */,
			);
			buildRules = (
			);
			dependencies = (
				B635C76621AB1E020072D5B4 /* PBXTargetDependency */,
			);
			name = data_overlayTests;
			productName = data_overlayTests;
			productReference = B635C76421AB1E020072D5B4 /* data_overlayTests.xctest */;
			productType = "com.apple.product-type.bundle.unit-test";
		};
		B635C76E21AB1E020072D5B4 /* data_overlayUITests */ = {
			isa = PBXNativeTarget;
			buildConfigurationList = B635C77E21AB1E020072D5B4 /* Build configuration list for PBXNativeTarget "data_overlayUITests" */;
			buildPhases = (
				D245C7B1B6E4D4D46E37DA8D /* [CP] Check Pods Manifest.lock */,
				B635C76B21AB1E020072D5B4 /* Sources */,
				B635C76C21AB1E020072D5B4 /* Frameworks */,
				B635C76D21AB1E020072D5B4 /* Resources */,
			);
			buildRules = (
			);
			dependencies = (
				B635C77121AB1E020072D5B4 /* PBXTargetDependency */,
			);
			name = data_overlayUITests;
			productName = data_overlayUITests;
			productReference = B635C76F21AB1E020072D5B4 /* data_overlayUITests.xctest */;
			productType = "com.apple.product-type.bundle.ui-testing";
		};
/* End PBXNativeTarget section */

/* Begin PBXProject section */
		B635C74621AB1E000072D5B4 /* Project object */ = {
			isa = PBXProject;
			attributes = {
				LastSwiftUpdateCheck = 1010;
				LastUpgradeCheck = 1010;
				ORGANIZATIONNAME = "Margeaux Spring";
				TargetAttributes = {
					B635C74D21AB1E000072D5B4 = {
						CreatedOnToolsVersion = 10.1;
					};
					B635C76321AB1E020072D5B4 = {
						CreatedOnToolsVersion = 10.1;
						TestTargetID = B635C74D21AB1E000072D5B4;
					};
					B635C76E21AB1E020072D5B4 = {
						CreatedOnToolsVersion = 10.1;
						TestTargetID = B635C74D21AB1E000072D5B4;
					};
				};
			};
			buildConfigurationList = B635C74921AB1E000072D5B4 /* Build configuration list for PBXProject "data_overlay" */;
			compatibilityVersion = "Xcode 9.3";
			developmentRegion = en;
			hasScannedForEncodings = 0;
			knownRegions = (
				en,
				Base,
			);
			mainGroup = B635C74521AB1E000072D5B4;
			productRefGroup = B635C74F21AB1E000072D5B4 /* Products */;
			projectDirPath = "";
			projectRoot = "";
			targets = (
				B635C74D21AB1E000072D5B4 /* data_overlay */,
				B635C76321AB1E020072D5B4 /* data_overlayTests */,
				B635C76E21AB1E020072D5B4 /* data_overlayUITests */,
			);
		};
/* End PBXProject section */

/* Begin PBXResourcesBuildPhase section */
		B635C74C21AB1E000072D5B4 /* Resources */ = {
			isa = PBXResourcesBuildPhase;
			buildActionMask = 2147483647;
			files = (
				B635C75421AB1E000072D5B4 /* art.scnassets in Resources */,
				B635C75E21AB1E020072D5B4 /* LaunchScreen.storyboard in Resources */,
				B635C75B21AB1E020072D5B4 /* Assets.xcassets in Resources */,
				B635C75921AB1E000072D5B4 /* Main.storyboard in Resources */,
			);
			runOnlyForDeploymentPostprocessing = 0;
		};
		B635C76221AB1E020072D5B4 /* Resources */ = {
			isa = PBXResourcesBuildPhase;
			buildActionMask = 2147483647;
			files = (
			);
			runOnlyForDeploymentPostprocessing = 0;
		};
		B635C76D21AB1E020072D5B4 /* Resources */ = {
			isa = PBXResourcesBuildPhase;
			buildActionMask = 2147483647;
			files = (
			);
			runOnlyForDeploymentPostprocessing = 0;
		};
/* End PBXResourcesBuildPhase section */

/* Begin PBXShellScriptBuildPhase section */
		1027DCF5F4E02C62C4EFF876 /* [CP] Check Pods Manifest.lock */ = {
			isa = PBXShellScriptBuildPhase;
			buildActionMask = 2147483647;
			files = (
			);
			inputFileListPaths = (
			);
			inputPaths = (
				"${PODS_PODFILE_DIR_PATH}/Podfile.lock",
				"${PODS_ROOT}/Manifest.lock",
			);
			name = "[CP] Check Pods Manifest.lock";
			outputFileListPaths = (
			);
			outputPaths = (
				"$(DERIVED_FILE_DIR)/Pods-data_overlayTests-checkManifestLockResult.txt",
			);
			runOnlyForDeploymentPostprocessing = 0;
			shellPath = /bin/sh;
			shellScript = "diff \"${PODS_PODFILE_DIR_PATH}/Podfile.lock\" \"${PODS_ROOT}/Manifest.lock\" > /dev/null\nif [ $? != 0 ] ; then\n    # print error to STDERR\n    echo \"error: The sandbox is not in sync with the Podfile.lock. Run 'pod install' or update your CocoaPods installation.\" >&2\n    exit 1\nfi\n# This output is used by Xcode 'outputs' to avoid re-running this script phase.\necho \"SUCCESS\" > \"${SCRIPT_OUTPUT_FILE_0}\"\n";
			showEnvVarsInLog = 0;
		};
		253ADF6DEDCEA6D205D62743 /* [CP] Check Pods Manifest.lock */ = {
			isa = PBXShellScriptBuildPhase;
			buildActionMask = 2147483647;
			files = (
			);
			inputFileListPaths = (
			);
			inputPaths = (
				"${PODS_PODFILE_DIR_PATH}/Podfile.lock",
				"${PODS_ROOT}/Manifest.lock",
			);
			name = "[CP] Check Pods Manifest.lock";
			outputFileListPaths = (
			);
			outputPaths = (
				"$(DERIVED_FILE_DIR)/Pods-data_overlay-checkManifestLockResult.txt",
			);
			runOnlyForDeploymentPostprocessing = 0;
			shellPath = /bin/sh;
			shellScript = "diff \"${PODS_PODFILE_DIR_PATH}/Podfile.lock\" \"${PODS_ROOT}/Manifest.lock\" > /dev/null\nif [ $? != 0 ] ; then\n    # print error to STDERR\n    echo \"error: The sandbox is not in sync with the Podfile.lock. Run 'pod install' or update your CocoaPods installation.\" >&2\n    exit 1\nfi\n# This output is used by Xcode 'outputs' to avoid re-running this script phase.\necho \"SUCCESS\" > \"${SCRIPT_OUTPUT_FILE_0}\"\n";
			showEnvVarsInLog = 0;
		};
		3D8B39B1493D3EF1E6B45516 /* [CP] Embed Pods Frameworks */ = {
			isa = PBXShellScriptBuildPhase;
			buildActionMask = 2147483647;
			files = (
			);
			inputFileListPaths = (
			);
			inputPaths = (
				"${SRCROOT}/Pods/Target Support Files/Pods-data_overlay/Pods-data_overlay-frameworks.sh",
				"${BUILT_PRODUCTS_DIR}/IBMWatsonAssistantV1/Assistant.framework",
				"${BUILT_PRODUCTS_DIR}/IBMWatsonAssistantV2/Assistant.framework",
				"${BUILT_PRODUCTS_DIR}/IBMWatsonConversationV1/Conversation.framework",
				"${BUILT_PRODUCTS_DIR}/IBMWatsonDiscoveryV1/Discovery.framework",
				"${BUILT_PRODUCTS_DIR}/IBMWatsonLanguageTranslatorV3/LanguageTranslator.framework",
				"${BUILT_PRODUCTS_DIR}/IBMWatsonNaturalLanguageClassifierV1/NaturalLanguageClassifier.framework",
				"${BUILT_PRODUCTS_DIR}/IBMWatsonNaturalLanguageUnderstandingV1/NaturalLanguageUnderstanding.framework",
				"${BUILT_PRODUCTS_DIR}/IBMWatsonPersonalityInsightsV3/PersonalityInsights.framework",
				"${BUILT_PRODUCTS_DIR}/IBMWatsonRestKit/RestKit.framework",
				"${BUILT_PRODUCTS_DIR}/IBMWatsonSpeechToTextV1/SpeechToText.framework",
				"${BUILT_PRODUCTS_DIR}/IBMWatsonTextToSpeechV1/TextToSpeech.framework",
				"${BUILT_PRODUCTS_DIR}/IBMWatsonToneAnalyzerV3/ToneAnalyzer.framework",
				"${BUILT_PRODUCTS_DIR}/IBMWatsonVisualRecognitionV3/VisualRecognition.framework",
				"${BUILT_PRODUCTS_DIR}/Starscream/Starscream.framework",
			);
			name = "[CP] Embed Pods Frameworks";
			outputFileListPaths = (
			);
			outputPaths = (
				"${TARGET_BUILD_DIR}/${FRAMEWORKS_FOLDER_PATH}/Assistant.framework",
				"${TARGET_BUILD_DIR}/${FRAMEWORKS_FOLDER_PATH}/Conversation.framework",
				"${TARGET_BUILD_DIR}/${FRAMEWORKS_FOLDER_PATH}/Discovery.framework",
				"${TARGET_BUILD_DIR}/${FRAMEWORKS_FOLDER_PATH}/LanguageTranslator.framework",
				"${TARGET_BUILD_DIR}/${FRAMEWORKS_FOLDER_PATH}/NaturalLanguageClassifier.framework",
				"${TARGET_BUILD_DIR}/${FRAMEWORKS_FOLDER_PATH}/NaturalLanguageUnderstanding.framework",
				"${TARGET_BUILD_DIR}/${FRAMEWORKS_FOLDER_PATH}/PersonalityInsights.framework",
				"${TARGET_BUILD_DIR}/${FRAMEWORKS_FOLDER_PATH}/RestKit.framework",
				"${TARGET_BUILD_DIR}/${FRAMEWORKS_FOLDER_PATH}/SpeechToText.framework",
				"${TARGET_BUILD_DIR}/${FRAMEWORKS_FOLDER_PATH}/TextToSpeech.framework",
				"${TARGET_BUILD_DIR}/${FRAMEWORKS_FOLDER_PATH}/ToneAnalyzer.framework",
				"${TARGET_BUILD_DIR}/${FRAMEWORKS_FOLDER_PATH}/VisualRecognition.framework",
				"${TARGET_BUILD_DIR}/${FRAMEWORKS_FOLDER_PATH}/Starscream.framework",
			);
			runOnlyForDeploymentPostprocessing = 0;
			shellPath = /bin/sh;
			shellScript = "\"${SRCROOT}/Pods/Target Support Files/Pods-data_overlay/Pods-data_overlay-frameworks.sh\"\n";
			showEnvVarsInLog = 0;
		};
		D245C7B1B6E4D4D46E37DA8D /* [CP] Check Pods Manifest.lock */ = {
			isa = PBXShellScriptBuildPhase;
			buildActionMask = 2147483647;
			files = (
			);
			inputFileListPaths = (
			);
			inputPaths = (
				"${PODS_PODFILE_DIR_PATH}/Podfile.lock",
				"${PODS_ROOT}/Manifest.lock",
			);
			name = "[CP] Check Pods Manifest.lock";
			outputFileListPaths = (
			);
			outputPaths = (
				"$(DERIVED_FILE_DIR)/Pods-data_overlayUITests-checkManifestLockResult.txt",
			);
			runOnlyForDeploymentPostprocessing = 0;
			shellPath = /bin/sh;
			shellScript = "diff \"${PODS_PODFILE_DIR_PATH}/Podfile.lock\" \"${PODS_ROOT}/Manifest.lock\" > /dev/null\nif [ $? != 0 ] ; then\n    # print error to STDERR\n    echo \"error: The sandbox is not in sync with the Podfile.lock. Run 'pod install' or update your CocoaPods installation.\" >&2\n    exit 1\nfi\n# This output is used by Xcode 'outputs' to avoid re-running this script phase.\necho \"SUCCESS\" > \"${SCRIPT_OUTPUT_FILE_0}\"\n";
			showEnvVarsInLog = 0;
		};
/* End PBXShellScriptBuildPhase section */

/* Begin PBXSourcesBuildPhase section */
		B635C74A21AB1E000072D5B4 /* Sources */ = {
			isa = PBXSourcesBuildPhase;
			buildActionMask = 2147483647;
			files = (
				B635C75621AB1E000072D5B4 /* ViewController.swift in Sources */,
				B635C75221AB1E000072D5B4 /* AppDelegate.swift in Sources */,
			);
			runOnlyForDeploymentPostprocessing = 0;
		};
		B635C76021AB1E020072D5B4 /* Sources */ = {
			isa = PBXSourcesBuildPhase;
			buildActionMask = 2147483647;
			files = (
				B635C76921AB1E020072D5B4 /* data_overlayTests.swift in Sources */,
			);
			runOnlyForDeploymentPostprocessing = 0;
		};
		B635C76B21AB1E020072D5B4 /* Sources */ = {
			isa = PBXSourcesBuildPhase;
			buildActionMask = 2147483647;
			files = (
				B635C77421AB1E020072D5B4 /* data_overlayUITests.swift in Sources */,
			);
			runOnlyForDeploymentPostprocessing = 0;
		};
/* End PBXSourcesBuildPhase section */

/* Begin PBXTargetDependency section */
		B635C76621AB1E020072D5B4 /* PBXTargetDependency */ = {
			isa = PBXTargetDependency;
			target = B635C74D21AB1E000072D5B4 /* data_overlay */;
			targetProxy = B635C76521AB1E020072D5B4 /* PBXContainerItemProxy */;
		};
		B635C77121AB1E020072D5B4 /* PBXTargetDependency */ = {
			isa = PBXTargetDependency;
			target = B635C74D21AB1E000072D5B4 /* data_overlay */;
			targetProxy = B635C77021AB1E020072D5B4 /* PBXContainerItemProxy */;
		};
/* End PBXTargetDependency section */

/* Begin PBXVariantGroup section */
		B635C75721AB1E000072D5B4 /* Main.storyboard */ = {
			isa = PBXVariantGroup;
			children = (
				B635C75821AB1E000072D5B4 /* Base */,
			);
			name = Main.storyboard;
			sourceTree = "<group>";
		};
		B635C75C21AB1E020072D5B4 /* LaunchScreen.storyboard */ = {
			isa = PBXVariantGroup;
			children = (
				B635C75D21AB1E020072D5B4 /* Base */,
			);
			name = LaunchScreen.storyboard;
			sourceTree = "<group>";
		};
/* End PBXVariantGroup section */

/* Begin XCBuildConfiguration section */
		B635C77621AB1E020072D5B4 /* Debug */ = {
			isa = XCBuildConfiguration;
			buildSettings = {
				ALWAYS_SEARCH_USER_PATHS = NO;
				CLANG_ANALYZER_NONNULL = YES;
				CLANG_ANALYZER_NUMBER_OBJECT_CONVERSION = YES_AGGRESSIVE;
				CLANG_CXX_LANGUAGE_STANDARD = "gnu++14";
				CLANG_CXX_LIBRARY = "libc++";
				CLANG_ENABLE_MODULES = YES;
				CLANG_ENABLE_OBJC_ARC = YES;
				CLANG_ENABLE_OBJC_WEAK = YES;
				CLANG_WARN_BLOCK_CAPTURE_AUTORELEASING = YES;
				CLANG_WARN_BOOL_CONVERSION = YES;
				CLANG_WARN_COMMA = YES;
				CLANG_WARN_CONSTANT_CONVERSION = YES;
				CLANG_WARN_DEPRECATED_OBJC_IMPLEMENTATIONS = YES;
				CLANG_WARN_DIRECT_OBJC_ISA_USAGE = YES_ERROR;
				CLANG_WARN_DOCUMENTATION_COMMENTS = YES;
				CLANG_WARN_EMPTY_BODY = YES;
				CLANG_WARN_ENUM_CONVERSION = YES;
				CLANG_WARN_INFINITE_RECURSION = YES;
				CLANG_WARN_INT_CONVERSION = YES;
				CLANG_WARN_NON_LITERAL_NULL_CONVERSION = YES;
				CLANG_WARN_OBJC_IMPLICIT_RETAIN_SELF = YES;
				CLANG_WARN_OBJC_LITERAL_CONVERSION = YES;
				CLANG_WARN_OBJC_ROOT_CLASS = YES_ERROR;
				CLANG_WARN_RANGE_LOOP_ANALYSIS = YES;
				CLANG_WARN_STRICT_PROTOTYPES = YES;
				CLANG_WARN_SUSPICIOUS_MOVE = YES;
				CLANG_WARN_UNGUARDED_AVAILABILITY = YES_AGGRESSIVE;
				CLANG_WARN_UNREACHABLE_CODE = YES;
				CLANG_WARN__DUPLICATE_METHOD_MATCH = YES;
				CODE_SIGN_IDENTITY = "iPhone Developer";
				COPY_PHASE_STRIP = NO;
				DEBUG_INFORMATION_FORMAT = dwarf;
				ENABLE_STRICT_OBJC_MSGSEND = YES;
				ENABLE_TESTABILITY = YES;
				GCC_C_LANGUAGE_STANDARD = gnu11;
				GCC_DYNAMIC_NO_PIC = NO;
				GCC_NO_COMMON_BLOCKS = YES;
				GCC_OPTIMIZATION_LEVEL = 0;
				GCC_PREPROCESSOR_DEFINITIONS = (
					"DEBUG=1",
					"$(inherited)",
				);
				GCC_WARN_64_TO_32_BIT_CONVERSION = YES;
				GCC_WARN_ABOUT_RETURN_TYPE = YES_ERROR;
				GCC_WARN_UNDECLARED_SELECTOR = YES;
				GCC_WARN_UNINITIALIZED_AUTOS = YES_AGGRESSIVE;
				GCC_WARN_UNUSED_FUNCTION = YES;
				GCC_WARN_UNUSED_VARIABLE = YES;
				IPHONEOS_DEPLOYMENT_TARGET = 12.1;
				MTL_ENABLE_DEBUG_INFO = INCLUDE_SOURCE;
				MTL_FAST_MATH = YES;
				ONLY_ACTIVE_ARCH = YES;
				SDKROOT = iphoneos;
				SWIFT_ACTIVE_COMPILATION_CONDITIONS = DEBUG;
				SWIFT_OPTIMIZATION_LEVEL = "-Onone";
			};
			name = Debug;
		};
		B635C77721AB1E020072D5B4 /* Release */ = {
			isa = XCBuildConfiguration;
			buildSettings = {
				ALWAYS_SEARCH_USER_PATHS = NO;
				CLANG_ANALYZER_NONNULL = YES;
				CLANG_ANALYZER_NUMBER_OBJECT_CONVERSION = YES_AGGRESSIVE;
				CLANG_CXX_LANGUAGE_STANDARD = "gnu++14";
				CLANG_CXX_LIBRARY = "libc++";
				CLANG_ENABLE_MODULES = YES;
				CLANG_ENABLE_OBJC_ARC = YES;
				CLANG_ENABLE_OBJC_WEAK = YES;
				CLANG_WARN_BLOCK_CAPTURE_AUTORELEASING = YES;
				CLANG_WARN_BOOL_CONVERSION = YES;
				CLANG_WARN_COMMA = YES;
				CLANG_WARN_CONSTANT_CONVERSION = YES;
				CLANG_WARN_DEPRECATED_OBJC_IMPLEMENTATIONS = YES;
				CLANG_WARN_DIRECT_OBJC_ISA_USAGE = YES_ERROR;
				CLANG_WARN_DOCUMENTATION_COMMENTS = YES;
				CLANG_WARN_EMPTY_BODY = YES;
				CLANG_WARN_ENUM_CONVERSION = YES;
				CLANG_WARN_INFINITE_RECURSION = YES;
				CLANG_WARN_INT_CONVERSION = YES;
				CLANG_WARN_NON_LITERAL_NULL_CONVERSION = YES;
				CLANG_WARN_OBJC_IMPLICIT_RETAIN_SELF = YES;
				CLANG_WARN_OBJC_LITERAL_CONVERSION = YES;
				CLANG_WARN_OBJC_ROOT_CLASS = YES_ERROR;
				CLANG_WARN_RANGE_LOOP_ANALYSIS = YES;
				CLANG_WARN_STRICT_PROTOTYPES = YES;
				CLANG_WARN_SUSPICIOUS_MOVE = YES;
				CLANG_WARN_UNGUARDED_AVAILABILITY = YES_AGGRESSIVE;
				CLANG_WARN_UNREACHABLE_CODE = YES;
				CLANG_WARN__DUPLICATE_METHOD_MATCH = YES;
				CODE_SIGN_IDENTITY = "iPhone Developer";
				COPY_PHASE_STRIP = NO;
				DEBUG_INFORMATION_FORMAT = "dwarf-with-dsym";
				ENABLE_NS_ASSERTIONS = NO;
				ENABLE_STRICT_OBJC_MSGSEND = YES;
				GCC_C_LANGUAGE_STANDARD = gnu11;
				GCC_NO_COMMON_BLOCKS = YES;
				GCC_WARN_64_TO_32_BIT_CONVERSION = YES;
				GCC_WARN_ABOUT_RETURN_TYPE = YES_ERROR;
				GCC_WARN_UNDECLARED_SELECTOR = YES;
				GCC_WARN_UNINITIALIZED_AUTOS = YES_AGGRESSIVE;
				GCC_WARN_UNUSED_FUNCTION = YES;
				GCC_WARN_UNUSED_VARIABLE = YES;
				IPHONEOS_DEPLOYMENT_TARGET = 12.1;
				MTL_ENABLE_DEBUG_INFO = NO;
				MTL_FAST_MATH = YES;
				SDKROOT = iphoneos;
				SWIFT_COMPILATION_MODE = wholemodule;
				SWIFT_OPTIMIZATION_LEVEL = "-O";
				VALIDATE_PRODUCT = YES;
			};
			name = Release;
		};
		B635C77921AB1E020072D5B4 /* Debug */ = {
			isa = XCBuildConfiguration;
			baseConfigurationReference = 1C9B95A3A4E1A2A51B7CA011 /* Pods-data_overlay.debug.xcconfig */;
			buildSettings = {
				ASSETCATALOG_COMPILER_APPICON_NAME = AppIcon;
				CODE_SIGN_STYLE = Automatic;
				DEVELOPMENT_TEAM = HFA57ZMH2U;
				FRAMEWORK_SEARCH_PATHS = (
					"$(inherited)",
					"$(PROJECT_DIR)/Carthage/Build/iOS",
				);
				INFOPLIST_FILE = data_overlay/Info.plist;
				LD_RUNPATH_SEARCH_PATHS = (
					"$(inherited)",
					"@executable_path/Frameworks",
				);
				PRODUCT_BUNDLE_IDENTIFIER = "com.cheapwebmonkey.data-overlay";
				PRODUCT_NAME = "$(TARGET_NAME)";
				SWIFT_VERSION = 4.2;
				TARGETED_DEVICE_FAMILY = "1,2";
			};
			name = Debug;
		};
		B635C77A21AB1E020072D5B4 /* Release */ = {
			isa = XCBuildConfiguration;
			baseConfigurationReference = A1E482F2E3A7337A67B188D0 /* Pods-data_overlay.release.xcconfig */;
			buildSettings = {
				ASSETCATALOG_COMPILER_APPICON_NAME = AppIcon;
				CODE_SIGN_STYLE = Automatic;
				DEVELOPMENT_TEAM = HFA57ZMH2U;
				FRAMEWORK_SEARCH_PATHS = (
					"$(inherited)",
					"$(PROJECT_DIR)/Carthage/Build/iOS",
				);
				INFOPLIST_FILE = data_overlay/Info.plist;
				LD_RUNPATH_SEARCH_PATHS = (
					"$(inherited)",
					"@executable_path/Frameworks",
				);
				PRODUCT_BUNDLE_IDENTIFIER = "com.cheapwebmonkey.data-overlay";
				PRODUCT_NAME = "$(TARGET_NAME)";
				SWIFT_VERSION = 4.2;
				TARGETED_DEVICE_FAMILY = "1,2";
			};
			name = Release;
		};
		B635C77C21AB1E020072D5B4 /* Debug */ = {
			isa = XCBuildConfiguration;
			baseConfigurationReference = BF62A57764AB8D02CF5190DF /* Pods-data_overlayTests.debug.xcconfig */;
			buildSettings = {
				ALWAYS_EMBED_SWIFT_STANDARD_LIBRARIES = YES;
				BUNDLE_LOADER = "$(TEST_HOST)";
				CODE_SIGN_STYLE = Automatic;
				DEVELOPMENT_TEAM = HFA57ZMH2U;
				INFOPLIST_FILE = data_overlayTests/Info.plist;
				LD_RUNPATH_SEARCH_PATHS = (
					"$(inherited)",
					"@executable_path/Frameworks",
					"@loader_path/Frameworks",
				);
				PRODUCT_BUNDLE_IDENTIFIER = "com.cheapwebmonkey.data-overlayTests";
				PRODUCT_NAME = "$(TARGET_NAME)";
				SWIFT_VERSION = 4.2;
				TARGETED_DEVICE_FAMILY = "1,2";
				TEST_HOST = "$(BUILT_PRODUCTS_DIR)/data_overlay.app/data_overlay";
			};
			name = Debug;
		};
		B635C77D21AB1E020072D5B4 /* Release */ = {
			isa = XCBuildConfiguration;
			baseConfigurationReference = 8F0200E1546998C3DC2E8FAA /* Pods-data_overlayTests.release.xcconfig */;
			buildSettings = {
				ALWAYS_EMBED_SWIFT_STANDARD_LIBRARIES = YES;
				BUNDLE_LOADER = "$(TEST_HOST)";
				CODE_SIGN_STYLE = Automatic;
				DEVELOPMENT_TEAM = HFA57ZMH2U;
				INFOPLIST_FILE = data_overlayTests/Info.plist;
				LD_RUNPATH_SEARCH_PATHS = (
					"$(inherited)",
					"@executable_path/Frameworks",
					"@loader_path/Frameworks",
				);
				PRODUCT_BUNDLE_IDENTIFIER = "com.cheapwebmonkey.data-overlayTests";
				PRODUCT_NAME = "$(TARGET_NAME)";
				SWIFT_VERSION = 4.2;
				TARGETED_DEVICE_FAMILY = "1,2";
				TEST_HOST = "$(BUILT_PRODUCTS_DIR)/data_overlay.app/data_overlay";
			};
			name = Release;
		};
		B635C77F21AB1E020072D5B4 /* Debug */ = {
			isa = XCBuildConfiguration;
			baseConfigurationReference = C2E607BFE89844CB95D4554C /* Pods-data_overlayUITests.debug.xcconfig */;
			buildSettings = {
				ALWAYS_EMBED_SWIFT_STANDARD_LIBRARIES = YES;
				CODE_SIGN_STYLE = Automatic;
				DEVELOPMENT_TEAM = HFA57ZMH2U;
				INFOPLIST_FILE = data_overlayUITests/Info.plist;
				LD_RUNPATH_SEARCH_PATHS = (
					"$(inherited)",
					"@executable_path/Frameworks",
					"@loader_path/Frameworks",
				);
				PRODUCT_BUNDLE_IDENTIFIER = "com.cheapwebmonkey.data-overlayUITests";
				PRODUCT_NAME = "$(TARGET_NAME)";
				SWIFT_VERSION = 4.2;
				TARGETED_DEVICE_FAMILY = "1,2";
				TEST_TARGET_NAME = data_overlay;
			};
			name = Debug;
		};
		B635C78021AB1E020072D5B4 /* Release */ = {
			isa = XCBuildConfiguration;
			baseConfigurationReference = 5F91360A02B4C7324112D4DE /* Pods-data_overlayUITests.release.xcconfig */;
			buildSettings = {
				ALWAYS_EMBED_SWIFT_STANDARD_LIBRARIES = YES;
				CODE_SIGN_STYLE = Automatic;
				DEVELOPMENT_TEAM = HFA57ZMH2U;
				INFOPLIST_FILE = data_overlayUITests/Info.plist;
				LD_RUNPATH_SEARCH_PATHS = (
					"$(inherited)",
					"@executable_path/Frameworks",
					"@loader_path/Frameworks",
				);
				PRODUCT_BUNDLE_IDENTIFIER = "com.cheapwebmonkey.data-overlayUITests";
				PRODUCT_NAME = "$(TARGET_NAME)";
				SWIFT_VERSION = 4.2;
				TARGETED_DEVICE_FAMILY = "1,2";
				TEST_TARGET_NAME = data_overlay;
			};
			name = Release;
		};
/* End XCBuildConfiguration section */

/* Begin XCConfigurationList section */
		B635C74921AB1E000072D5B4 /* Build configuration list for PBXProject "data_overlay" */ = {
			isa = XCConfigurationList;
			buildConfigurations = (
				B635C77621AB1E020072D5B4 /* Debug */,
				B635C77721AB1E020072D5B4 /* Release */,
			);
			defaultConfigurationIsVisible = 0;
			defaultConfigurationName = Release;
		};
		B635C77821AB1E020072D5B4 /* Build configuration list for PBXNativeTarget "data_overlay" */ = {
			isa = XCConfigurationList;
			buildConfigurations = (
				B635C77921AB1E020072D5B4 /* Debug */,
				B635C77A21AB1E020072D5B4 /* Release */,
			);
			defaultConfigurationIsVisible = 0;
			defaultConfigurationName = Release;
		};
		B635C77B21AB1E020072D5B4 /* Build configuration list for PBXNativeTarget "data_overlayTests" */ = {
			isa = XCConfigurationList;
			buildConfigurations = (
				B635C77C21AB1E020072D5B4 /* Debug */,
				B635C77D21AB1E020072D5B4 /* Release */,
			);
			defaultConfigurationIsVisible = 0;
			defaultConfigurationName = Release;
		};
		B635C77E21AB1E020072D5B4 /* Build configuration list for PBXNativeTarget "data_overlayUITests" */ = {
			isa = XCConfigurationList;
			buildConfigurations = (
				B635C77F21AB1E020072D5B4 /* Debug */,
				B635C78021AB1E020072D5B4 /* Release */,
			);
			defaultConfigurationIsVisible = 0;
			defaultConfigurationName = Release;
		};
/* End XCConfigurationList section */
	};
	rootObject = B635C74621AB1E000072D5B4 /* Project object */;
}
